// !$*UTF8*$!
{
	archiveVersion = 1;
	classes = {
	};
	objectVersion = 50;
	objects = {

/* Begin PBXBuildFile section */
		6520F4B8236683EF00C4CC9D /* Leitor.cpp in Sources */ = {isa = PBXBuildFile; fileRef = 6520F4B6236683EF00C4CC9D /* Leitor.cpp */; };
		65588BD4234A845F009F62C5 /* main.cpp in Sources */ = {isa = PBXBuildFile; fileRef = 65588BD3234A845F009F62C5 /* main.cpp */; };
		65588BDC234A847C009F62C5 /* Documento.cpp in Sources */ = {isa = PBXBuildFile; fileRef = 65588BDA234A847C009F62C5 /* Documento.cpp */; };
		65677087235DAB0C00428A49 /* Exemplar.cpp in Sources */ = {isa = PBXBuildFile; fileRef = 65677085235DAB0C00428A49 /* Exemplar.cpp */; };
		6567708A235DAB3C00428A49 /* Autor.cpp in Sources */ = {isa = PBXBuildFile; fileRef = 65677088235DAB3C00428A49 /* Autor.cpp */; };
		65677090235DACFB00428A49 /* ExemplarLivro.cpp in Sources */ = {isa = PBXBuildFile; fileRef = 6567708E235DACFB00428A49 /* ExemplarLivro.cpp */; };
		65677093235DAD4700428A49 /* DVD.cpp in Sources */ = {isa = PBXBuildFile; fileRef = 65677091235DAD4700428A49 /* DVD.cpp */; };
		65677096235DAD7A00428A49 /* CD.cpp in Sources */ = {isa = PBXBuildFile; fileRef = 65677094235DAD7A00428A49 /* CD.cpp */; };
		656C8D8623517E6D00AEF70F /* Disco.cpp in Sources */ = {isa = PBXBuildFile; fileRef = 656C8D8423517E6D00AEF70F /* Disco.cpp */; };
		656C8D8923517FC900AEF70F /* Livro.cpp in Sources */ = {isa = PBXBuildFile; fileRef = 656C8D8723517FC900AEF70F /* Livro.cpp */; };
		656C8D8C2351805A00AEF70F /* Revista.cpp in Sources */ = {isa = PBXBuildFile; fileRef = 656C8D8A2351805A00AEF70F /* Revista.cpp */; };
		658ECCD92362F00D00222A10 /* Monografia.cpp in Sources */ = {isa = PBXBuildFile; fileRef = 658ECCD72362F00D00222A10 /* Monografia.cpp */; };
		65E33938236F9E3100D6B382 /* Validacoes.cpp in Sources */ = {isa = PBXBuildFile; fileRef = 65E33936236F9E3100D6B382 /* Validacoes.cpp */; };
		65E3393B236F9E5500D6B382 /* Tarefas.cpp in Sources */ = {isa = PBXBuildFile; fileRef = 65E33939236F9E5500D6B382 /* Tarefas.cpp */; };
/* End PBXBuildFile section */

/* Begin PBXCopyFilesBuildPhase section */
		65588BCE234A845F009F62C5 /* CopyFiles */ = {
			isa = PBXCopyFilesBuildPhase;
			buildActionMask = 2147483647;
			dstPath = /usr/share/man/man1/;
			dstSubfolderSpec = 0;
			files = (
			);
			runOnlyForDeploymentPostprocessing = 1;
		};
/* End PBXCopyFilesBuildPhase section */

/* Begin PBXFileReference section */
		6520F4B6236683EF00C4CC9D /* Leitor.cpp */ = {isa = PBXFileReference; lastKnownFileType = sourcecode.cpp.cpp; path = Leitor.cpp; sourceTree = "<group>"; };
		6520F4B7236683EF00C4CC9D /* Leitor.hpp */ = {isa = PBXFileReference; lastKnownFileType = sourcecode.cpp.h; path = Leitor.hpp; sourceTree = "<group>"; };
		65588BD0234A845F009F62C5 /* Gestao-Biblioteca */ = {isa = PBXFileReference; explicitFileType = "compiled.mach-o.executable"; includeInIndex = 0; path = "Gestao-Biblioteca"; sourceTree = BUILT_PRODUCTS_DIR; };
		65588BD3234A845F009F62C5 /* main.cpp */ = {isa = PBXFileReference; lastKnownFileType = sourcecode.cpp.cpp; path = main.cpp; sourceTree = "<group>"; };
		65588BDA234A847C009F62C5 /* Documento.cpp */ = {isa = PBXFileReference; lastKnownFileType = sourcecode.cpp.cpp; path = Documento.cpp; sourceTree = "<group>"; };
		65588BDB234A847C009F62C5 /* Documento.hpp */ = {isa = PBXFileReference; lastKnownFileType = sourcecode.cpp.h; path = Documento.hpp; sourceTree = "<group>"; };
		65677085235DAB0C00428A49 /* Exemplar.cpp */ = {isa = PBXFileReference; lastKnownFileType = sourcecode.cpp.cpp; path = Exemplar.cpp; sourceTree = "<group>"; };
		65677086235DAB0C00428A49 /* Exemplar.hpp */ = {isa = PBXFileReference; lastKnownFileType = sourcecode.cpp.h; path = Exemplar.hpp; sourceTree = "<group>"; };
		65677088235DAB3C00428A49 /* Autor.cpp */ = {isa = PBXFileReference; lastKnownFileType = sourcecode.cpp.cpp; path = Autor.cpp; sourceTree = "<group>"; };
		65677089235DAB3C00428A49 /* Autor.hpp */ = {isa = PBXFileReference; lastKnownFileType = sourcecode.cpp.h; path = Autor.hpp; sourceTree = "<group>"; };
		6567708E235DACFB00428A49 /* ExemplarLivro.cpp */ = {isa = PBXFileReference; lastKnownFileType = sourcecode.cpp.cpp; path = ExemplarLivro.cpp; sourceTree = "<group>"; };
		6567708F235DACFB00428A49 /* ExemplarLivro.hpp */ = {isa = PBXFileReference; lastKnownFileType = sourcecode.cpp.h; path = ExemplarLivro.hpp; sourceTree = "<group>"; };
		65677091235DAD4700428A49 /* DVD.cpp */ = {isa = PBXFileReference; lastKnownFileType = sourcecode.cpp.cpp; path = DVD.cpp; sourceTree = "<group>"; };
		65677092235DAD4700428A49 /* DVD.hpp */ = {isa = PBXFileReference; lastKnownFileType = sourcecode.cpp.h; path = DVD.hpp; sourceTree = "<group>"; };
		65677094235DAD7A00428A49 /* CD.cpp */ = {isa = PBXFileReference; lastKnownFileType = sourcecode.cpp.cpp; path = CD.cpp; sourceTree = "<group>"; };
		65677095235DAD7A00428A49 /* CD.hpp */ = {isa = PBXFileReference; lastKnownFileType = sourcecode.cpp.h; path = CD.hpp; sourceTree = "<group>"; };
		656C8D8423517E6D00AEF70F /* Disco.cpp */ = {isa = PBXFileReference; lastKnownFileType = sourcecode.cpp.cpp; path = Disco.cpp; sourceTree = "<group>"; };
		656C8D8523517E6D00AEF70F /* Disco.hpp */ = {isa = PBXFileReference; lastKnownFileType = sourcecode.cpp.h; path = Disco.hpp; sourceTree = "<group>"; };
		656C8D8723517FC900AEF70F /* Livro.cpp */ = {isa = PBXFileReference; lastKnownFileType = sourcecode.cpp.cpp; path = Livro.cpp; sourceTree = "<group>"; };
		656C8D8823517FC900AEF70F /* Livro.hpp */ = {isa = PBXFileReference; lastKnownFileType = sourcecode.cpp.h; path = Livro.hpp; sourceTree = "<group>"; };
		656C8D8A2351805A00AEF70F /* Revista.cpp */ = {isa = PBXFileReference; lastKnownFileType = sourcecode.cpp.cpp; path = Revista.cpp; sourceTree = "<group>"; };
		656C8D8B2351805A00AEF70F /* Revista.hpp */ = {isa = PBXFileReference; lastKnownFileType = sourcecode.cpp.h; path = Revista.hpp; sourceTree = "<group>"; };
		658ECCD72362F00D00222A10 /* Monografia.cpp */ = {isa = PBXFileReference; lastKnownFileType = sourcecode.cpp.cpp; path = Monografia.cpp; sourceTree = "<group>"; };
		658ECCD82362F00D00222A10 /* Monografia.hpp */ = {isa = PBXFileReference; lastKnownFileType = sourcecode.cpp.h; path = Monografia.hpp; sourceTree = "<group>"; };
		65E33936236F9E3100D6B382 /* Validacoes.cpp */ = {isa = PBXFileReference; lastKnownFileType = sourcecode.cpp.cpp; path = Validacoes.cpp; sourceTree = "<group>"; };
		65E33937236F9E3100D6B382 /* Validacoes.hpp */ = {isa = PBXFileReference; lastKnownFileType = sourcecode.cpp.h; path = Validacoes.hpp; sourceTree = "<group>"; };
		65E33939236F9E5500D6B382 /* Tarefas.cpp */ = {isa = PBXFileReference; lastKnownFileType = sourcecode.cpp.cpp; path = Tarefas.cpp; sourceTree = "<group>"; };
		65E3393A236F9E5500D6B382 /* Tarefas.hpp */ = {isa = PBXFileReference; lastKnownFileType = sourcecode.cpp.h; path = Tarefas.hpp; sourceTree = "<group>"; };
/* End PBXFileReference section */

/* Begin PBXFrameworksBuildPhase section */
		65588BCD234A845F009F62C5 /* Frameworks */ = {
			isa = PBXFrameworksBuildPhase;
			buildActionMask = 2147483647;
			files = (
			);
			runOnlyForDeploymentPostprocessing = 0;
		};
/* End PBXFrameworksBuildPhase section */

/* Begin PBXGroup section */
		65588BC7234A845F009F62C5 = {
			isa = PBXGroup;
			children = (
				65588BD2234A845F009F62C5 /* Gestao-Biblioteca */,
				65588BD1234A845F009F62C5 /* Products */,
			);
			sourceTree = "<group>";
		};
		65588BD1234A845F009F62C5 /* Products */ = {
			isa = PBXGroup;
			children = (
				65588BD0234A845F009F62C5 /* Gestao-Biblioteca */,
			);
			name = Products;
			sourceTree = "<group>";
		};
		65588BD2234A845F009F62C5 /* Gestao-Biblioteca */ = {
			isa = PBXGroup;
			children = (
				6567708E235DACFB00428A49 /* ExemplarLivro.cpp */,
				6520F4B6236683EF00C4CC9D /* Leitor.cpp */,
				6520F4B7236683EF00C4CC9D /* Leitor.hpp */,
				6567708F235DACFB00428A49 /* ExemplarLivro.hpp */,
				65588BD3234A845F009F62C5 /* main.cpp */,
				658ECCD72362F00D00222A10 /* Monografia.cpp */,
				658ECCD82362F00D00222A10 /* Monografia.hpp */,
				65588BDA234A847C009F62C5 /* Documento.cpp */,
				65588BDB234A847C009F62C5 /* Documento.hpp */,
				656C8D8423517E6D00AEF70F /* Disco.cpp */,
				656C8D8523517E6D00AEF70F /* Disco.hpp */,
				65677091235DAD4700428A49 /* DVD.cpp */,
				65677092235DAD4700428A49 /* DVD.hpp */,
				65677094235DAD7A00428A49 /* CD.cpp */,
				65677095235DAD7A00428A49 /* CD.hpp */,
				656C8D8723517FC900AEF70F /* Livro.cpp */,
				656C8D8823517FC900AEF70F /* Livro.hpp */,
				65677088235DAB3C00428A49 /* Autor.cpp */,
				65677089235DAB3C00428A49 /* Autor.hpp */,
				656C8D8A2351805A00AEF70F /* Revista.cpp */,
				65E33936236F9E3100D6B382 /* Validacoes.cpp */,
				65E33939236F9E5500D6B382 /* Tarefas.cpp */,
				65E3393A236F9E5500D6B382 /* Tarefas.hpp */,
				65E33937236F9E3100D6B382 /* Validacoes.hpp */,
				656C8D8B2351805A00AEF70F /* Revista.hpp */,
				65677085235DAB0C00428A49 /* Exemplar.cpp */,
				65677086235DAB0C00428A49 /* Exemplar.hpp */,
			);
			path = "Gestao-Biblioteca";
			sourceTree = "<group>";
		};
/* End PBXGroup section */

/* Begin PBXNativeTarget section */
		65588BCF234A845F009F62C5 /* Gestao-Biblioteca */ = {
			isa = PBXNativeTarget;
			buildConfigurationList = 65588BD7234A845F009F62C5 /* Build configuration list for PBXNativeTarget "Gestao-Biblioteca" */;
			buildPhases = (
				65588BCC234A845F009F62C5 /* Sources */,
				65588BCD234A845F009F62C5 /* Frameworks */,
				65588BCE234A845F009F62C5 /* CopyFiles */,
			);
			buildRules = (
			);
			dependencies = (
			);
			name = "Gestao-Biblioteca";
			productName = "Gestao-Biblioteca";
			productReference = 65588BD0234A845F009F62C5 /* Gestao-Biblioteca */;
			productType = "com.apple.product-type.tool";
		};
/* End PBXNativeTarget section */

/* Begin PBXProject section */
		65588BC8234A845F009F62C5 /* Project object */ = {
			isa = PBXProject;
			attributes = {
				LastUpgradeCheck = 1100;
				ORGANIZATIONNAME = "ALgy Aly";
				TargetAttributes = {
					65588BCF234A845F009F62C5 = {
						CreatedOnToolsVersion = 11.0;
					};
				};
			};
			buildConfigurationList = 65588BCB234A845F009F62C5 /* Build configuration list for PBXProject "Gestao-Biblioteca" */;
			compatibilityVersion = "Xcode 9.3";
			developmentRegion = en;
			hasScannedForEncodings = 0;
			knownRegions = (
				en,
				Base,
			);
			mainGroup = 65588BC7234A845F009F62C5;
			productRefGroup = 65588BD1234A845F009F62C5 /* Products */;
			projectDirPath = "";
			projectRoot = "";
			targets = (
				65588BCF234A845F009F62C5 /* Gestao-Biblioteca */,
			);
		};
/* End PBXProject section */

/* Begin PBXSourcesBuildPhase section */
		65588BCC234A845F009F62C5 /* Sources */ = {
			isa = PBXSourcesBuildPhase;
			buildActionMask = 2147483647;
			files = (
				65677096235DAD7A00428A49 /* CD.cpp in Sources */,
				6567708A235DAB3C00428A49 /* Autor.cpp in Sources */,
				656C8D8C2351805A00AEF70F /* Revista.cpp in Sources */,
				65677087235DAB0C00428A49 /* Exemplar.cpp in Sources */,
				65677093235DAD4700428A49 /* DVD.cpp in Sources */,
				658ECCD92362F00D00222A10 /* Monografia.cpp in Sources */,
				65E3393B236F9E5500D6B382 /* Tarefas.cpp in Sources */,
				6520F4B8236683EF00C4CC9D /* Leitor.cpp in Sources */,
				65588BDC234A847C009F62C5 /* Documento.cpp in Sources */,
				65677090235DACFB00428A49 /* ExemplarLivro.cpp in Sources */,
				65588BD4234A845F009F62C5 /* main.cpp in Sources */,
				65E33938236F9E3100D6B382 /* Validacoes.cpp in Sources */,
				656C8D8923517FC900AEF70F /* Livro.cpp in Sources */,
				656C8D8623517E6D00AEF70F /* Disco.cpp in Sources */,
			);
			runOnlyForDeploymentPostprocessing = 0;
		};
/* End PBXSourcesBuildPhase section */

/* Begin XCBuildConfiguration section */
		65588BD5234A845F009F62C5 /* Debug */ = {
			isa = XCBuildConfiguration;
			buildSettings = {
				ALWAYS_SEARCH_USER_PATHS = NO;
				ARCHS = "$(ARCHS_STANDARD)";
				CLANG_ANALYZER_NONNULL = YES;
				CLANG_ANALYZER_NUMBER_OBJECT_CONVERSION = YES_AGGRESSIVE;
				CLANG_CXX_LANGUAGE_STANDARD = "gnu++14";
				CLANG_CXX_LIBRARY = "libc++";
				CLANG_ENABLE_MODULES = YES;
				CLANG_ENABLE_OBJC_ARC = YES;
				CLANG_ENABLE_OBJC_WEAK = YES;
				CLANG_WARN_BLOCK_CAPTURE_AUTORELEASING = YES;
				CLANG_WARN_BOOL_CONVERSION = YES;
				CLANG_WARN_COMMA = YES;
				CLANG_WARN_CONSTANT_CONVERSION = YES;
				CLANG_WARN_DEPRECATED_OBJC_IMPLEMENTATIONS = YES;
				CLANG_WARN_DIRECT_OBJC_ISA_USAGE = YES_ERROR;
				CLANG_WARN_DOCUMENTATION_COMMENTS = YES;
				CLANG_WARN_EMPTY_BODY = YES;
				CLANG_WARN_ENUM_CONVERSION = YES;
				CLANG_WARN_INFINITE_RECURSION = YES;
				CLANG_WARN_INT_CONVERSION = YES;
				CLANG_WARN_NON_LITERAL_NULL_CONVERSION = YES;
				CLANG_WARN_OBJC_IMPLICIT_RETAIN_SELF = YES;
				CLANG_WARN_OBJC_LITERAL_CONVERSION = YES;
				CLANG_WARN_OBJC_ROOT_CLASS = YES_ERROR;
				CLANG_WARN_RANGE_LOOP_ANALYSIS = YES;
				CLANG_WARN_STRICT_PROTOTYPES = YES;
				CLANG_WARN_SUSPICIOUS_MOVE = YES;
				CLANG_WARN_UNGUARDED_AVAILABILITY = YES_AGGRESSIVE;
				CLANG_WARN_UNREACHABLE_CODE = YES;
				CLANG_WARN__DUPLICATE_METHOD_MATCH = YES;
				COPY_PHASE_STRIP = NO;
				DEBUG_INFORMATION_FORMAT = dwarf;
				ENABLE_STRICT_OBJC_MSGSEND = YES;
				ENABLE_TESTABILITY = YES;
				GCC_C_LANGUAGE_STANDARD = gnu11;
				GCC_DYNAMIC_NO_PIC = NO;
				GCC_NO_COMMON_BLOCKS = YES;
				GCC_OPTIMIZATION_LEVEL = 0;
				GCC_PREPROCESSOR_DEFINITIONS = (
					"DEBUG=1",
					"$(inherited)",
				);
				GCC_WARN_64_TO_32_BIT_CONVERSION = YES;
				GCC_WARN_ABOUT_RETURN_TYPE = YES_ERROR;
				GCC_WARN_UNDECLARED_SELECTOR = YES;
				GCC_WARN_UNINITIALIZED_AUTOS = YES_AGGRESSIVE;
				GCC_WARN_UNUSED_FUNCTION = YES;
				GCC_WARN_UNUSED_VARIABLE = YES;
				MACOSX_DEPLOYMENT_TARGET = 10.14;
				MTL_ENABLE_DEBUG_INFO = INCLUDE_SOURCE;
				MTL_FAST_MATH = YES;
				ONLY_ACTIVE_ARCH = YES;
				SDKROOT = macosx;
			};
			name = Debug;
		};
		65588BD6234A845F009F62C5 /* Release */ = {
			isa = XCBuildConfiguration;
			buildSettings = {
				ALWAYS_SEARCH_USER_PATHS = NO;
				ARCHS = "$(ARCHS_STANDARD)";
				CLANG_ANALYZER_NONNULL = YES;
				CLANG_ANALYZER_NUMBER_OBJECT_CONVERSION = YES_AGGRESSIVE;
				CLANG_CXX_LANGUAGE_STANDARD = "gnu++14";
				CLANG_CXX_LIBRARY = "libc++";
				CLANG_ENABLE_MODULES = YES;
				CLANG_ENABLE_OBJC_ARC = YES;
				CLANG_ENABLE_OBJC_WEAK = YES;
				CLANG_WARN_BLOCK_CAPTURE_AUTORELEASING = YES;
				CLANG_WARN_BOOL_CONVERSION = YES;
				CLANG_WARN_COMMA = YES;
				CLANG_WARN_CONSTANT_CONVERSION = YES;
				CLANG_WARN_DEPRECATED_OBJC_IMPLEMENTATIONS = YES;
				CLANG_WARN_DIRECT_OBJC_ISA_USAGE = YES_ERROR;
				CLANG_WARN_DOCUMENTATION_COMMENTS = YES;
				CLANG_WARN_EMPTY_BODY = YES;
				CLANG_WARN_ENUM_CONVERSION = YES;
				CLANG_WARN_INFINITE_RECURSION = YES;
				CLANG_WARN_INT_CONVERSION = YES;
				CLANG_WARN_NON_LITERAL_NULL_CONVERSION = YES;
				CLANG_WARN_OBJC_IMPLICIT_RETAIN_SELF = YES;
				CLANG_WARN_OBJC_LITERAL_CONVERSION = YES;
				CLANG_WARN_OBJC_ROOT_CLASS = YES_ERROR;
				CLANG_WARN_RANGE_LOOP_ANALYSIS = YES;
				CLANG_WARN_STRICT_PROTOTYPES = YES;
				CLANG_WARN_SUSPICIOUS_MOVE = YES;
				CLANG_WARN_UNGUARDED_AVAILABILITY = YES_AGGRESSIVE;
				CLANG_WARN_UNREACHABLE_CODE = YES;
				CLANG_WARN__DUPLICATE_METHOD_MATCH = YES;
				COPY_PHASE_STRIP = NO;
				DEBUG_INFORMATION_FORMAT = "dwarf-with-dsym";
				ENABLE_NS_ASSERTIONS = NO;
				ENABLE_STRICT_OBJC_MSGSEND = YES;
				GCC_C_LANGUAGE_STANDARD = gnu11;
				GCC_NO_COMMON_BLOCKS = YES;
				GCC_WARN_64_TO_32_BIT_CONVERSION = YES;
				GCC_WARN_ABOUT_RETURN_TYPE = YES_ERROR;
				GCC_WARN_UNDECLARED_SELECTOR = YES;
				GCC_WARN_UNINITIALIZED_AUTOS = YES_AGGRESSIVE;
				GCC_WARN_UNUSED_FUNCTION = YES;
				GCC_WARN_UNUSED_VARIABLE = YES;
				MACOSX_DEPLOYMENT_TARGET = 10.14;
				MTL_ENABLE_DEBUG_INFO = NO;
				MTL_FAST_MATH = YES;
				SDKROOT = macosx;
			};
			name = Release;
		};
		65588BD8234A845F009F62C5 /* Debug */ = {
			isa = XCBuildConfiguration;
			buildSettings = {
				ARCHS = "$(ARCHS_STANDARD)";
				CODE_SIGN_STYLE = Automatic;
				DEVELOPMENT_TEAM = Y8VL32NSSA;
				ENABLE_HARDENED_RUNTIME = YES;
				PRODUCT_NAME = "$(TARGET_NAME)";
			};
			name = Debug;
		};
		65588BD9234A845F009F62C5 /* Release */ = {
			isa = XCBuildConfiguration;
			buildSettings = {
				ARCHS = "$(ARCHS_STANDARD)";
				CODE_SIGN_STYLE = Automatic;
				DEVELOPMENT_TEAM = Y8VL32NSSA;
				ENABLE_HARDENED_RUNTIME = YES;
				PRODUCT_NAME = "$(TARGET_NAME)";
			};
			name = Release;
		};
/* End XCBuildConfiguration section */

/* Begin XCConfigurationList section */
		65588BCB234A845F009F62C5 /* Build configuration list for PBXProject "Gestao-Biblioteca" */ = {
			isa = XCConfigurationList;
			buildConfigurations = (
				65588BD5234A845F009F62C5 /* Debug */,
				65588BD6234A845F009F62C5 /* Release */,
			);
			defaultConfigurationIsVisible = 0;
			defaultConfigurationName = Release;
		};
		65588BD7234A845F009F62C5 /* Build configuration list for PBXNativeTarget "Gestao-Biblioteca" */ = {
			isa = XCConfigurationList;
			buildConfigurations = (
				65588BD8234A845F009F62C5 /* Debug */,
				65588BD9234A845F009F62C5 /* Release */,
			);
			defaultConfigurationIsVisible = 0;
			defaultConfigurationName = Release;
		};
/* End XCConfigurationList section */
	};
	rootObject = 65588BC8234A845F009F62C5 /* Project object */;
}
